// !$*UTF8*$!
{
	archiveVersion = 1;
	classes = {
	};
	objectVersion = 46;
	objects = {

/* Begin PBXBuildFile section */
		9C92A6F417FA740A00FA7A28 /* hello_cpp.cpp in Sources */ = {isa = PBXBuildFile; fileRef = 9C92A6F017FA740A00FA7A28 /* hello_cpp.cpp */; };
		9C92A6F517FA740A00FA7A28 /* hello_stubs.c in Sources */ = {isa = PBXBuildFile; fileRef = 9C92A6F217FA740A00FA7A28 /* hello_stubs.c */; };
		9C92A6F717FA765700FA7A28 /* hello.ml in Sources */ = {isa = PBXBuildFile; fileRef = 9C92A6F317FA740A00FA7A28 /* hello.ml */; };
/* End PBXBuildFile section */

/* Begin PBXBuildRule section */
		9C92A6F617FA75C200FA7A28 /* PBXBuildRule */ = {
			isa = PBXBuildRule;
			compilerSpec = com.apple.compilers.proxy.script;
			filePatterns = "*.ml";
			fileType = pattern.proxy;
			isEditable = 1;
			outputFiles = (
				"${OBJECT_FILE_DIR}-${CURRENT_VARIANT}/${CURRENT_ARCH}/${INPUT_FILE_BASE}.o",
			);
			script = "/usr/local/bin/ocamlopt -output-obj ${INPUT_FILE_PATH} -o ${OBJECT_FILE_DIR}-${CURRENT_VARIANT}/${CURRENT_ARCH}/${INPUT_FILE_BASE}.o";
		};
/* End PBXBuildRule section */

/* Begin PBXCopyFilesBuildPhase section */
		9C92A6E217FA73D700FA7A28 /* CopyFiles */ = {
			isa = PBXCopyFilesBuildPhase;
			buildActionMask = 2147483647;
			dstPath = /usr/share/man/man1/;
			dstSubfolderSpec = 0;
			files = (
			);
			runOnlyForDeploymentPostprocessing = 1;
		};
/* End PBXCopyFilesBuildPhase section */

/* Begin PBXFileReference section */
		9C92A6E417FA73D700FA7A28 /* hello */ = {isa = PBXFileReference; explicitFileType = "compiled.mach-o.executable"; includeInIndex = 0; path = hello; sourceTree = BUILT_PRODUCTS_DIR; };
		9C92A6F017FA740A00FA7A28 /* hello_cpp.cpp */ = {isa = PBXFileReference; fileEncoding = 4; lastKnownFileType = sourcecode.cpp.cpp; path = hello_cpp.cpp; sourceTree = "<group>"; };
		9C92A6F117FA740A00FA7A28 /* hello_cpp.h */ = {isa = PBXFileReference; fileEncoding = 4; lastKnownFileType = sourcecode.c.h; path = hello_cpp.h; sourceTree = "<group>"; };
		9C92A6F217FA740A00FA7A28 /* hello_stubs.c */ = {isa = PBXFileReference; fileEncoding = 4; lastKnownFileType = sourcecode.c.c; path = hello_stubs.c; sourceTree = "<group>"; };
		9C92A6F317FA740A00FA7A28 /* hello.ml */ = {isa = PBXFileReference; fileEncoding = 4; lastKnownFileType = text; path = hello.ml; sourceTree = "<group>"; };
/* End PBXFileReference section */

/* Begin PBXFrameworksBuildPhase section */
		9C92A6E117FA73D700FA7A28 /* Frameworks */ = {
			isa = PBXFrameworksBuildPhase;
			buildActionMask = 2147483647;
			files = (
			);
			runOnlyForDeploymentPostprocessing = 0;
		};
/* End PBXFrameworksBuildPhase section */

/* Begin PBXGroup section */
		9C92A6DB17FA73D700FA7A28 = {
			isa = PBXGroup;
			children = (
				9C92A6F117FA740A00FA7A28 /* hello_cpp.h */,
				9C92A6F017FA740A00FA7A28 /* hello_cpp.cpp */,
				9C92A6F217FA740A00FA7A28 /* hello_stubs.c */,
				9C92A6F317FA740A00FA7A28 /* hello.ml */,
				9C92A6E517FA73D700FA7A28 /* Products */,
			);
			sourceTree = "<group>";
		};
		9C92A6E517FA73D700FA7A28 /* Products */ = {
			isa = PBXGroup;
			children = (
				9C92A6E417FA73D700FA7A28 /* hello */,
			);
			name = Products;
			sourceTree = "<group>";
		};
/* End PBXGroup section */

/* Begin PBXNativeTarget section */
		9C92A6E317FA73D700FA7A28 /* hello */ = {
			isa = PBXNativeTarget;
			buildConfigurationList = 9C92A6ED17FA73D700FA7A28 /* Build configuration list for PBXNativeTarget "hello" */;
			buildPhases = (
				9C92A6E017FA73D700FA7A28 /* Sources */,
				9C92A6E117FA73D700FA7A28 /* Frameworks */,
				9C92A6E217FA73D700FA7A28 /* CopyFiles */,
			);
			buildRules = (
				9C92A6F617FA75C200FA7A28 /* PBXBuildRule */,
			);
			dependencies = (
			);
			name = hello;
			productName = hello;
			productReference = 9C92A6E417FA73D700FA7A28 /* hello */;
			productType = "com.apple.product-type.tool";
		};
/* End PBXNativeTarget section */

/* Begin PBXProject section */
		9C92A6DC17FA73D700FA7A28 /* Project object */ = {
			isa = PBXProject;
			attributes = {
				LastUpgradeCheck = 0460;
				ORGANIZATIONNAME = "Devin Coughlin";
			};
			buildConfigurationList = 9C92A6DF17FA73D700FA7A28 /* Build configuration list for PBXProject "hello" */;
			compatibilityVersion = "Xcode 3.2";
			developmentRegion = English;
			hasScannedForEncodings = 0;
			knownRegions = (
				en,
			);
			mainGroup = 9C92A6DB17FA73D700FA7A28;
			productRefGroup = 9C92A6E517FA73D700FA7A28 /* Products */;
			projectDirPath = "";
			projectRoot = "";
			targets = (
				9C92A6E317FA73D700FA7A28 /* hello */,
			);
		};
/* End PBXProject section */

/* Begin PBXSourcesBuildPhase section */
		9C92A6E017FA73D700FA7A28 /* Sources */ = {
			isa = PBXSourcesBuildPhase;
			buildActionMask = 2147483647;
			files = (
				9C92A6F417FA740A00FA7A28 /* hello_cpp.cpp in Sources */,
				9C92A6F517FA740A00FA7A28 /* hello_stubs.c in Sources */,
				9C92A6F717FA765700FA7A28 /* hello.ml in Sources */,
			);
			runOnlyForDeploymentPostprocessing = 0;
		};
/* End PBXSourcesBuildPhase section */

/* Begin XCBuildConfiguration section */
		9C92A6EB17FA73D700FA7A28 /* Debug */ = {
			isa = XCBuildConfiguration;
			buildSettings = {
				ALWAYS_SEARCH_USER_PATHS = NO;
				ARCHS = "$(ARCHS_STANDARD_64_BIT)";
				CLANG_CXX_LANGUAGE_STANDARD = "gnu++0x";
				CLANG_CXX_LIBRARY = "libc++";
				CLANG_WARN_CONSTANT_CONVERSION = YES;
				CLANG_WARN_EMPTY_BODY = YES;
				CLANG_WARN_ENUM_CONVERSION = YES;
				CLANG_WARN_INT_CONVERSION = YES;
				CLANG_WARN__DUPLICATE_METHOD_MATCH = YES;
				COPY_PHASE_STRIP = NO;
				GCC_C_LANGUAGE_STANDARD = gnu99;
				GCC_DYNAMIC_NO_PIC = NO;
				GCC_ENABLE_OBJC_EXCEPTIONS = YES;
				GCC_OPTIMIZATION_LEVEL = 0;
				GCC_PREPROCESSOR_DEFINITIONS = (
					"DEBUG=1",
					"$(inherited)",
				);
				GCC_SYMBOLS_PRIVATE_EXTERN = NO;
				GCC_WARN_64_TO_32_BIT_CONVERSION = YES;
				GCC_WARN_ABOUT_RETURN_TYPE = YES;
				GCC_WARN_UNINITIALIZED_AUTOS = YES;
				GCC_WARN_UNUSED_VARIABLE = YES;
				MACOSX_DEPLOYMENT_TARGET = 10.8;
				ONLY_ACTIVE_ARCH = YES;
				SDKROOT = macosx;
			};
			name = Debug;
		};
		9C92A6EC17FA73D700FA7A28 /* Release */ = {
			isa = XCBuildConfiguration;
			buildSettings = {
				ALWAYS_SEARCH_USER_PATHS = NO;
				ARCHS = "$(ARCHS_STANDARD_64_BIT)";
				CLANG_CXX_LANGUAGE_STANDARD = "gnu++0x";
				CLANG_CXX_LIBRARY = "libc++";
				CLANG_WARN_CONSTANT_CONVERSION = YES;
				CLANG_WARN_EMPTY_BODY = YES;
				CLANG_WARN_ENUM_CONVERSION = YES;
				CLANG_WARN_INT_CONVERSION = YES;
				CLANG_WARN__DUPLICATE_METHOD_MATCH = YES;
				COPY_PHASE_STRIP = YES;
				DEBUG_INFORMATION_FORMAT = "dwarf-with-dsym";
				GCC_C_LANGUAGE_STANDARD = gnu99;
				GCC_ENABLE_OBJC_EXCEPTIONS = YES;
				GCC_WARN_64_TO_32_BIT_CONVERSION = YES;
				GCC_WARN_ABOUT_RETURN_TYPE = YES;
				GCC_WARN_UNINITIALIZED_AUTOS = YES;
				GCC_WARN_UNUSED_VARIABLE = YES;
				MACOSX_DEPLOYMENT_TARGET = 10.8;
				SDKROOT = macosx;
			};
			name = Release;
		};
		9C92A6EE17FA73D700FA7A28 /* Debug */ = {
			isa = XCBuildConfiguration;
			buildSettings = {
				HEADER_SEARCH_PATHS = /usr/local/lib/ocaml;
				LIBRARY_SEARCH_PATHS = /usr/local/lib/ocaml;
				OTHER_LDFLAGS = (
					"-lm",
					"-ldl",
					"-lasmrun",
					"-lcrt1.o",
					"-v",
				);
				PRODUCT_NAME = "$(TARGET_NAME)";
			};
			name = Debug;
		};
		9C92A6EF17FA73D700FA7A28 /* Release */ = {
			isa = XCBuildConfiguration;
			buildSettings = {
				HEADER_SEARCH_PATHS = /usr/local/lib/ocaml;
				LIBRARY_SEARCH_PATHS = /usr/local/lib/ocaml;
				OTHER_LDFLAGS = (
					"-lm",
					"-ldl",
					"-lasmrun",
					"-lcrt1.o",
					"-v",
				);
				PRODUCT_NAME = "$(TARGET_NAME)";
			};
			name = Release;
		};
/* End XCBuildConfiguration section */

/* Begin XCConfigurationList section */
		9C92A6DF17FA73D700FA7A28 /* Build configuration list for PBXProject "hello" */ = {
			isa = XCConfigurationList;
			buildConfigurations = (
				9C92A6EB17FA73D700FA7A28 /* Debug */,
				9C92A6EC17FA73D700FA7A28 /* Release */,
			);
			defaultConfigurationIsVisible = 0;
			defaultConfigurationName = Release;
		};
		9C92A6ED17FA73D700FA7A28 /* Build configuration list for PBXNativeTarget "hello" */ = {
			isa = XCConfigurationList;
			buildConfigurations = (
				9C92A6EE17FA73D700FA7A28 /* Debug */,
				9C92A6EF17FA73D700FA7A28 /* Release */,
			);
			defaultConfigurationIsVisible = 0;
			defaultConfigurationName = Release;
		};
/* End XCConfigurationList section */
	};
	rootObject = 9C92A6DC17FA73D700FA7A28 /* Project object */;
}
